
Microsoft Visual Studio Solution File, Format Version 12.00
# Visual Studio Version 16
VisualStudioVersion = 16.0.31321.278
MinimumVisualStudioVersion = 10.0.40219.1
Project("{9A19103F-16F7-4668-BE54-9A1E7A4F7556}") = "Segundo Parcial", "Segundo Parcial\Segundo Parcial.csproj", "{F26562DC-AD46-4FFD-BCDC-8896680BA97D}"
EndProject
Global
	GlobalSection(SolutionConfigurationPlatforms) = preSolution
		Debug|Any CPU = Debug|Any CPU
		Release|Any CPU = Release|Any CPU
	EndGlobalSection
	GlobalSection(ProjectConfigurationPlatforms) = postSolution
		{F26562DC-AD46-4FFD-BCDC-8896680BA97D}.Debug|Any CPU.ActiveCfg = Debug|Any CPU
		{F26562DC-AD46-4FFD-BCDC-8896680BA97D}.Debug|Any CPU.Build.0 = Debug|Any CPU
		{F26562DC-AD46-4FFD-BCDC-8896680BA97D}.Release|Any CPU.ActiveCfg = Release|Any CPU
		{F26562DC-AD46-4FFD-BCDC-8896680BA97D}.Release|Any CPU.Build.0 = Release|Any CPU
	EndGlobalSection
	GlobalSection(SolutionProperties) = preSolution
		HideSolutionNode = FALSE
	EndGlobalSection
	GlobalSection(ExtensibilityGlobals) = postSolution
		SolutionGuid = {DB94E11A-32F7-4E30-B544-233488D4132E}
	EndGlobalSection
EndGlobal
